{
  "name": "osx-webpage-notify",
  "version": "1.0.0",
  "lockfileVersion": 2,
  "requires": true,
  "packages": {
    "": {
      "name": "osx-webpage-notify",
      "version": "1.0.0",
      "license": "MIT",
      "dependencies": {
        "playwright": "^1.26.0"
      },
      "devDependencies": {
        "@types/pixelmatch": "5.2.3",
        "@types/pngjs": "6.0.0",
        "deep-object-diff": "^1.1.7",
        "got": "npm:got-cjs@^12.3.1",
        "pixelmatch": "5.2.1",
        "pngjs": "6.0.0",
        "prettier": "^2.7.1",
        "ts-node": "9.1.1",
        "typescript": "4.2.4"
      }
    },
    "node_modules/@sindresorhus/is": {
      "version": "4.6.0",
      "resolved": "https://registry.npmjs.org/@sindresorhus/is/-/is-4.6.0.tgz",
      "integrity": "sha512-t09vSN3MdfsyCHoFcTRCH/iUtG7OJ0CsjzB8cjAmKc/va/kIgeDI/TxsigdncE/4be734m0cvIYwNaV4i2XqAw==",
      "dev": true,
      "engines": {
        "node": ">=10"
      },
      "funding": {
        "url": "https://github.com/sindresorhus/is?sponsor=1"
      }
    },
    "node_modules/@szmarczak/http-timer": {
      "version": "4.0.6",
      "resolved": "https://registry.npmjs.org/@szmarczak/http-timer/-/http-timer-4.0.6.tgz",
      "integrity": "sha512-4BAffykYOgO+5nzBWYwE3W90sBgLJoUPRWWcL8wlyiM8IB8ipJz3UMJ9KXQd1RKQXpKp8Tutn80HZtWsu2u76w==",
      "dev": true,
      "dependencies": {
        "defer-to-connect": "^2.0.0"
      },
      "engines": {
        "node": ">=10"
      }
    },
    "node_modules/@types/cacheable-request": {
      "version": "6.0.2",
      "resolved": "https://registry.npmjs.org/@types/cacheable-request/-/cacheable-request-6.0.2.tgz",
      "integrity": "sha512-B3xVo+dlKM6nnKTcmm5ZtY/OL8bOAOd2Olee9M1zft65ox50OzjEHW91sDiU9j6cvW8Ejg1/Qkf4xd2kugApUA==",
      "dev": true,
      "dependencies": {
        "@types/http-cache-semantics": "*",
        "@types/keyv": "*",
        "@types/node": "*",
        "@types/responselike": "*"
      }
    },
    "node_modules/@types/http-cache-semantics": {
      "version": "4.0.1",
      "resolved": "https://registry.npmjs.org/@types/http-cache-semantics/-/http-cache-semantics-4.0.1.tgz",
      "integrity": "sha512-SZs7ekbP8CN0txVG2xVRH6EgKmEm31BOxA07vkFaETzZz1xh+cbt8BcI0slpymvwhx5dlFnQG2rTlPVQn+iRPQ==",
      "dev": true
    },
    "node_modules/@types/keyv": {
      "version": "3.1.4",
      "resolved": "https://registry.npmjs.org/@types/keyv/-/keyv-3.1.4.tgz",
      "integrity": "sha512-BQ5aZNSCpj7D6K2ksrRCTmKRLEpnPvWDiLPfoGyhZ++8YtiK9d/3DBKPJgry359X/P1PfruyYwvnvwFjuEiEIg==",
      "dev": true,
      "dependencies": {
        "@types/node": "*"
      }
    },
    "node_modules/@types/node": {
      "version": "14.14.37",
      "resolved": "https://registry.yarnpkg.com/@types/node/-/node-14.14.37.tgz",
      "integrity": "sha512-XYmBiy+ohOR4Lh5jE379fV2IU+6Jn4g5qASinhitfyO71b/sCo6MKsMLF5tc7Zf2CE8hViVQyYSobJNke8OvUw==",
      "dev": true
    },
    "node_modules/@types/pixelmatch": {
      "version": "5.2.3",
      "resolved": "https://registry.yarnpkg.com/@types/pixelmatch/-/pixelmatch-5.2.3.tgz",
      "integrity": "sha512-p+nAQVYK/DUx7+s1Xyu9dqAg0gobf7VmJ+iDA4lljg1o4XRgQHr7R2h1NwFt3gdNOZiftxWB11+0TuZqXYf19w==",
      "dev": true,
      "dependencies": {
        "@types/node": "*"
      }
    },
    "node_modules/@types/pngjs": {
      "version": "6.0.0",
      "resolved": "https://registry.yarnpkg.com/@types/pngjs/-/pngjs-6.0.0.tgz",
      "integrity": "sha512-PyZJHtd/mGA9a+cb3RQvd2pj56OIoo522sEhGZvq9THfBv5skyPRo50o3Hvy+n6U0u8RWteMHhlvLfN4FOZTaA==",
      "dev": true,
      "dependencies": {
        "@types/node": "*"
      }
    },
    "node_modules/@types/responselike": {
      "version": "1.0.0",
      "resolved": "https://registry.npmjs.org/@types/responselike/-/responselike-1.0.0.tgz",
      "integrity": "sha512-85Y2BjiufFzaMIlvJDvTTB8Fxl2xfLo4HgmHzVBz08w4wDePCTjYw66PdrolO0kzli3yam/YCgRufyo1DdQVTA==",
      "dev": true,
      "dependencies": {
        "@types/node": "*"
      }
    },
    "node_modules/arg": {
      "version": "4.1.3",
      "resolved": "https://registry.yarnpkg.com/arg/-/arg-4.1.3.tgz",
      "integrity": "sha512-58S9QDqG0Xx27YwPSt9fJxivjYl432YCwfDMfZ+71RAqUrZef7LrKQZ3LHLOwCS4FLNBplP533Zx895SeOCHvA==",
      "dev": true
    },
    "node_modules/buffer-from": {
      "version": "1.1.1",
      "resolved": "https://registry.yarnpkg.com/buffer-from/-/buffer-from-1.1.1.tgz",
      "integrity": "sha512-MQcXEUbCKtEo7bhqEs6560Hyd4XaovZlO/k9V3hjVUF/zwW7KBVdSK4gIt/bzwS9MbR5qob+F5jusZsb0YQK2A==",
      "dev": true
    },
    "node_modules/cacheable-lookup": {
      "version": "6.1.0",
      "resolved": "https://registry.npmjs.org/cacheable-lookup/-/cacheable-lookup-6.1.0.tgz",
      "integrity": "sha512-KJ/Dmo1lDDhmW2XDPMo+9oiy/CeqosPguPCrgcVzKyZrL6pM1gU2GmPY/xo6OQPTUaA/c0kwHuywB4E6nmT9ww==",
      "dev": true,
      "engines": {
        "node": ">=10.6.0"
      }
    },
    "node_modules/cacheable-request": {
      "version": "7.0.2",
      "resolved": "https://registry.npmjs.org/cacheable-request/-/cacheable-request-7.0.2.tgz",
      "integrity": "sha512-pouW8/FmiPQbuGpkXQ9BAPv/Mo5xDGANgSNXzTzJ8DrKGuXOssM4wIQRjfanNRh3Yu5cfYPvcorqbhg2KIJtew==",
      "dev": true,
      "dependencies": {
        "clone-response": "^1.0.2",
        "get-stream": "^5.1.0",
        "http-cache-semantics": "^4.0.0",
        "keyv": "^4.0.0",
        "lowercase-keys": "^2.0.0",
        "normalize-url": "^6.0.1",
        "responselike": "^2.0.0"
      },
      "engines": {
        "node": ">=8"
      }
    },
    "node_modules/cacheable-request/node_modules/get-stream": {
      "version": "5.2.0",
      "resolved": "https://registry.npmjs.org/get-stream/-/get-stream-5.2.0.tgz",
      "integrity": "sha512-nBF+F1rAZVCu/p7rjzgA+Yb4lfYXrpl7a6VmJrU8wF9I1CKvP/QwPNZHnOlwbTkY6dvtFIzFMSyQXbLoTQPRpA==",
      "dev": true,
      "dependencies": {
        "pump": "^3.0.0"
      },
      "engines": {
        "node": ">=8"
      },
      "funding": {
        "url": "https://github.com/sponsors/sindresorhus"
      }
    },
    "node_modules/clone-response": {
      "version": "1.0.3",
      "resolved": "https://registry.npmjs.org/clone-response/-/clone-response-1.0.3.tgz",
      "integrity": "sha512-ROoL94jJH2dUVML2Y/5PEDNaSHgeOdSDicUyS7izcF63G6sTc/FTjLub4b8Il9S8S0beOfYt0TaA5qvFK+w0wA==",
      "dev": true,
      "dependencies": {
        "mimic-response": "^1.0.0"
      },
      "funding": {
        "url": "https://github.com/sponsors/sindresorhus"
      }
    },
    "node_modules/create-require": {
      "version": "1.1.1",
      "resolved": "https://registry.yarnpkg.com/create-require/-/create-require-1.1.1.tgz",
      "integrity": "sha512-dcKFX3jn0MpIaXjisoRvexIJVEKzaq7z2rZKxf+MSr9TkdmHmsU4m2lcLojrj/FHl8mk5VxMmYA+ftRkP/3oKQ==",
      "dev": true
    },
    "node_modules/decompress-response": {
      "version": "6.0.0",
      "resolved": "https://registry.npmjs.org/decompress-response/-/decompress-response-6.0.0.tgz",
      "integrity": "sha512-aW35yZM6Bb/4oJlZncMH2LCoZtJXTRxES17vE3hoRiowU2kWHaJKFkSBDnDR+cm9J+9QhXmREyIfv0pji9ejCQ==",
      "dev": true,
      "dependencies": {
        "mimic-response": "^3.1.0"
      },
      "engines": {
        "node": ">=10"
      },
      "funding": {
        "url": "https://github.com/sponsors/sindresorhus"
      }
    },
    "node_modules/decompress-response/node_modules/mimic-response": {
      "version": "3.1.0",
      "resolved": "https://registry.npmjs.org/mimic-response/-/mimic-response-3.1.0.tgz",
      "integrity": "sha512-z0yWI+4FDrrweS8Zmt4Ej5HdJmky15+L2e6Wgn3+iK5fWzb6T3fhNFq2+MeTRb064c6Wr4N/wv0DzQTjNzHNGQ==",
      "dev": true,
      "engines": {
        "node": ">=10"
      },
      "funding": {
        "url": "https://github.com/sponsors/sindresorhus"
      }
    },
    "node_modules/deep-object-diff": {
      "version": "1.1.7",
      "resolved": "https://registry.npmjs.org/deep-object-diff/-/deep-object-diff-1.1.7.tgz",
      "integrity": "sha512-QkgBca0mL08P6HiOjoqvmm6xOAl2W6CT2+34Ljhg0OeFan8cwlcdq8jrLKsBBuUFAZLsN5b6y491KdKEoSo9lg==",
      "dev": true
    },
    "node_modules/defer-to-connect": {
      "version": "2.0.1",
      "resolved": "https://registry.npmjs.org/defer-to-connect/-/defer-to-connect-2.0.1.tgz",
      "integrity": "sha512-4tvttepXG1VaYGrRibk5EwJd1t4udunSOVMdLSAL6mId1ix438oPwPZMALY41FCijukO1L0twNcGsdzS7dHgDg==",
      "dev": true,
      "engines": {
        "node": ">=10"
      }
    },
    "node_modules/diff": {
      "version": "4.0.2",
      "resolved": "https://registry.yarnpkg.com/diff/-/diff-4.0.2.tgz",
      "integrity": "sha512-58lmxKSA4BNyLz+HHMUzlOEpg09FV+ev6ZMe3vJihgdxzgcwZ8VoEEPmALCZG9LmqfVoNMMKpttIYTVG6uDY7A==",
      "dev": true,
      "engines": {
        "node": ">=0.3.1"
      }
    },
    "node_modules/end-of-stream": {
      "version": "1.4.4",
      "resolved": "https://registry.npmjs.org/end-of-stream/-/end-of-stream-1.4.4.tgz",
      "integrity": "sha512-+uw1inIHVPQoaVuHzRyXd21icM+cnt4CzD5rW+NC1wjOUSTOs+Te7FOv7AhN7vS9x/oIyhLP5PR1H+phQAHu5Q==",
      "dev": true,
      "dependencies": {
        "once": "^1.4.0"
      }
    },
    "node_modules/form-data-encoder": {
      "version": "1.7.2",
      "resolved": "https://registry.npmjs.org/form-data-encoder/-/form-data-encoder-1.7.2.tgz",
      "integrity": "sha512-qfqtYan3rxrnCk1VYaA4H+Ms9xdpPqvLZa6xmMgFvhO32x7/3J/ExcTd6qpxM0vH2GdMI+poehyBZvqfMTto8A==",
      "dev": true
    },
    "node_modules/get-stream": {
      "version": "6.0.1",
      "resolved": "https://registry.npmjs.org/get-stream/-/get-stream-6.0.1.tgz",
      "integrity": "sha512-ts6Wi+2j3jQjqi70w5AlN8DFnkSwC+MqmxEzdEALB2qXZYV3X/b1CTfgPLGJNMeAWxdPfU8FO1ms3NUfaHCPYg==",
      "dev": true,
      "engines": {
        "node": ">=10"
      },
      "funding": {
        "url": "https://github.com/sponsors/sindresorhus"
      }
    },
    "node_modules/got": {
      "name": "got-cjs",
      "version": "12.3.1",
      "resolved": "https://registry.npmjs.org/got-cjs/-/got-cjs-12.3.1.tgz",
      "integrity": "sha512-FeIc0hmE/bkAeIsXrprCqikH1a1Z4UqIkuFSV8jTmStFtEqoFI8rwhdpqPvLoCJcoYTJJlADpW1NVtuWjR8Q8Q==",
      "dev": true,
      "dependencies": {
        "@sindresorhus/is": "4.6.0",
        "@szmarczak/http-timer": "4.0.6",
        "@types/cacheable-request": "^6.0.2",
        "@types/responselike": "^1.0.0",
        "cacheable-lookup": "^6.0.4",
        "cacheable-request": "^7.0.2",
        "decompress-response": "^6.0.0",
        "form-data-encoder": "1.7.2",
        "get-stream": "^6.0.1",
        "http2-wrapper": "^2.1.10",
        "lowercase-keys": "2.0.0",
        "p-cancelable": "2.1.1",
        "responselike": "^2.0.0"
      },
      "engines": {
        "node": ">=12"
      },
      "funding": {
        "url": "https://github.com/sindresorhus/got?sponsor=1"
      }
    },
    "node_modules/http-cache-semantics": {
      "version": "4.1.0",
      "resolved": "https://registry.npmjs.org/http-cache-semantics/-/http-cache-semantics-4.1.0.tgz",
      "integrity": "sha512-carPklcUh7ROWRK7Cv27RPtdhYhUsela/ue5/jKzjegVvXDqM2ILE9Q2BGn9JZJh1g87cp56su/FgQSzcWS8cQ==",
      "dev": true
    },
    "node_modules/http2-wrapper": {
      "version": "2.1.11",
      "resolved": "https://registry.npmjs.org/http2-wrapper/-/http2-wrapper-2.1.11.tgz",
      "integrity": "sha512-aNAk5JzLturWEUiuhAN73Jcbq96R7rTitAoXV54FYMatvihnpD2+6PUgU4ce3D/m5VDbw+F5CsyKSF176ptitQ==",
      "dev": true,
      "dependencies": {
        "quick-lru": "^5.1.1",
        "resolve-alpn": "^1.2.0"
      },
      "engines": {
        "node": ">=10.19.0"
      }
    },
    "node_modules/json-buffer": {
      "version": "3.0.1",
      "resolved": "https://registry.npmjs.org/json-buffer/-/json-buffer-3.0.1.tgz",
      "integrity": "sha512-4bV5BfR2mqfQTJm+V5tPPdf+ZpuhiIvTuAB5g8kcrXOZpTT/QwwVRWBywX1ozr6lEuPdbHxwaJlm9G6mI2sfSQ==",
      "dev": true
    },
    "node_modules/keyv": {
      "version": "4.5.0",
      "resolved": "https://registry.npmjs.org/keyv/-/keyv-4.5.0.tgz",
      "integrity": "sha512-2YvuMsA+jnFGtBareKqgANOEKe1mk3HKiXu2fRmAfyxG0MJAywNhi5ttWA3PMjl4NmpyjZNbFifR2vNjW1znfA==",
      "dev": true,
      "dependencies": {
        "json-buffer": "3.0.1"
      }
    },
    "node_modules/lowercase-keys": {
      "version": "2.0.0",
      "resolved": "https://registry.npmjs.org/lowercase-keys/-/lowercase-keys-2.0.0.tgz",
      "integrity": "sha512-tqNXrS78oMOE73NMxK4EMLQsQowWf8jKooH9g7xPavRT706R6bkQJ6DY2Te7QukaZsulxa30wQ7bk0pm4XiHmA==",
      "dev": true,
      "engines": {
        "node": ">=8"
      }
    },
    "node_modules/make-error": {
      "version": "1.3.6",
      "resolved": "https://registry.yarnpkg.com/make-error/-/make-error-1.3.6.tgz",
      "integrity": "sha512-s8UhlNe7vPKomQhC1qFelMokr/Sc3AgNbso3n74mVPA5LTZwkB9NlXf4XPamLxJE8h0gh73rM94xvwRT2CVInw==",
      "dev": true
    },
    "node_modules/mimic-response": {
      "version": "1.0.1",
      "resolved": "https://registry.npmjs.org/mimic-response/-/mimic-response-1.0.1.tgz",
      "integrity": "sha512-j5EctnkH7amfV/q5Hgmoal1g2QHFJRraOtmx0JpIqkxhBhI/lJSl1nMpQ45hVarwNETOoWEimndZ4QK0RHxuxQ==",
      "dev": true,
      "engines": {
        "node": ">=4"
      }
    },
    "node_modules/normalize-url": {
      "version": "6.1.0",
      "resolved": "https://registry.npmjs.org/normalize-url/-/normalize-url-6.1.0.tgz",
      "integrity": "sha512-DlL+XwOy3NxAQ8xuC0okPgK46iuVNAK01YN7RueYBqqFeGsBjV9XmCAzAdgt+667bCl5kPh9EqKKDwnaPG1I7A==",
      "dev": true,
      "engines": {
        "node": ">=10"
      },
      "funding": {
        "url": "https://github.com/sponsors/sindresorhus"
      }
    },
    "node_modules/once": {
      "version": "1.4.0",
      "resolved": "https://registry.npmjs.org/once/-/once-1.4.0.tgz",
      "integrity": "sha512-lNaJgI+2Q5URQBkccEKHTQOPaXdUxnZZElQTZY0MFUAuaEqe1E+Nyvgdz/aIyNi6Z9MzO5dv1H8n58/GELp3+w==",
      "dev": true,
      "dependencies": {
        "wrappy": "1"
      }
    },
    "node_modules/p-cancelable": {
      "version": "2.1.1",
      "resolved": "https://registry.npmjs.org/p-cancelable/-/p-cancelable-2.1.1.tgz",
      "integrity": "sha512-BZOr3nRQHOntUjTrH8+Lh54smKHoHyur8We1V8DSMVrl5A2malOOwuJRnKRDjSnkoeBh4at6BwEnb5I7Jl31wg==",
      "dev": true,
      "engines": {
        "node": ">=8"
      }
    },
    "node_modules/pixelmatch": {
      "version": "5.2.1",
      "resolved": "https://registry.yarnpkg.com/pixelmatch/-/pixelmatch-5.2.1.tgz",
      "integrity": "sha512-WjcAdYSnKrrdDdqTcVEY7aB7UhhwjYQKYhHiBXdJef0MOaQeYpUdQ+iVyBLa5YBKS8MPVPPMX7rpOByISLpeEQ==",
      "dev": true,
      "dependencies": {
        "pngjs": "^4.0.1"
      },
      "bin": {
        "pixelmatch": "bin/pixelmatch"
      }
    },
    "node_modules/pixelmatch/node_modules/pngjs": {
      "version": "4.0.1",
      "resolved": "https://registry.yarnpkg.com/pngjs/-/pngjs-4.0.1.tgz",
      "integrity": "sha512-rf5+2/ioHeQxR6IxuYNYGFytUyG3lma/WW1nsmjeHlWwtb2aByla6dkVc8pmJ9nplzkTA0q2xx7mMWrOTqT4Gg==",
      "dev": true,
      "engines": {
        "node": ">=8.0.0"
      }
    },
    "node_modules/playwright": {
      "version": "1.26.0",
      "resolved": "https://registry.npmjs.org/playwright/-/playwright-1.26.0.tgz",
      "integrity": "sha512-XxTVlvFEYHdatxUkh1KiPq9BclNtFKMi3BgQnl/aactmhN4G9AkZUXwt0ck6NDAOrDFlfibhbM7A1kZwQJKSBw==",
      "hasInstallScript": true,
      "dependencies": {
        "playwright-core": "1.26.0"
      },
      "bin": {
        "playwright": "cli.js"
      },
      "engines": {
        "node": ">=14"
      }
    },
    "node_modules/playwright/node_modules/playwright-core": {
      "version": "1.26.0",
      "resolved": "https://registry.npmjs.org/playwright-core/-/playwright-core-1.26.0.tgz",
      "integrity": "sha512-p8huU8eU4gD3VkJd3DA1nA7R3XA6rFvFL+1RYS96cSljCF2yJE9CWEHTPF4LqX8KN9MoWCrAfVKP5381X3CZqg==",
      "bin": {
        "playwright": "cli.js"
      },
      "engines": {
        "node": ">=14"
      }
    },
    "node_modules/pngjs": {
      "version": "6.0.0",
      "resolved": "https://registry.yarnpkg.com/pngjs/-/pngjs-6.0.0.tgz",
      "integrity": "sha512-TRzzuFRRmEoSW/p1KVAmiOgPco2Irlah+bGFCeNfJXxxYGwSw7YwAOAcd7X28K/m5bjBWKsC29KyoMfHbypayg==",
      "dev": true,
      "engines": {
        "node": ">=12.13.0"
      }
    },
    "node_modules/prettier": {
      "version": "2.7.1",
      "resolved": "https://registry.npmjs.org/prettier/-/prettier-2.7.1.tgz",
      "integrity": "sha512-ujppO+MkdPqoVINuDFDRLClm7D78qbDt0/NR+wp5FqEZOoTNAjPHWj17QRhu7geIHJfcNhRk1XVQmF8Bp3ye+g==",
      "dev": true,
      "bin": {
        "prettier": "bin-prettier.js"
      },
      "engines": {
        "node": ">=10.13.0"
      },
      "funding": {
        "url": "https://github.com/prettier/prettier?sponsor=1"
      }
    },
    "node_modules/pump": {
      "version": "3.0.0",
      "resolved": "https://registry.npmjs.org/pump/-/pump-3.0.0.tgz",
      "integrity": "sha512-LwZy+p3SFs1Pytd/jYct4wpv49HiYCqd9Rlc5ZVdk0V+8Yzv6jR5Blk3TRmPL1ft69TxP0IMZGJ+WPFU2BFhww==",
      "dev": true,
      "dependencies": {
        "end-of-stream": "^1.1.0",
        "once": "^1.3.1"
      }
    },
    "node_modules/quick-lru": {
      "version": "5.1.1",
      "resolved": "https://registry.npmjs.org/quick-lru/-/quick-lru-5.1.1.tgz",
      "integrity": "sha512-WuyALRjWPDGtt/wzJiadO5AXY+8hZ80hVpe6MyivgraREW751X3SbhRvG3eLKOYN+8VEvqLcf3wdnt44Z4S4SA==",
      "dev": true,
      "engines": {
        "node": ">=10"
      },
      "funding": {
        "url": "https://github.com/sponsors/sindresorhus"
      }
    },
    "node_modules/resolve-alpn": {
      "version": "1.2.1",
      "resolved": "https://registry.npmjs.org/resolve-alpn/-/resolve-alpn-1.2.1.tgz",
      "integrity": "sha512-0a1F4l73/ZFZOakJnQ3FvkJ2+gSTQWz/r2KE5OdDY0TxPm5h4GkqkWWfM47T7HsbnOtcJVEF4epCVy6u7Q3K+g==",
      "dev": true
    },
    "node_modules/responselike": {
      "version": "2.0.1",
      "resolved": "https://registry.npmjs.org/responselike/-/responselike-2.0.1.tgz",
      "integrity": "sha512-4gl03wn3hj1HP3yzgdI7d3lCkF95F21Pz4BPGvKHinyQzALR5CapwC8yIi0Rh58DEMQ/SguC03wFj2k0M/mHhw==",
      "dev": true,
      "dependencies": {
        "lowercase-keys": "^2.0.0"
      },
      "funding": {
        "url": "https://github.com/sponsors/sindresorhus"
      }
    },
    "node_modules/source-map": {
      "version": "0.6.1",
      "resolved": "https://registry.yarnpkg.com/source-map/-/source-map-0.6.1.tgz",
      "integrity": "sha512-UjgapumWlbMhkBgzT7Ykc5YXUT46F0iKu8SGXq0bcwP5dz/h0Plj6enJqjz1Zbq2l5WaqYnrVbwWOWMyF3F47g==",
      "dev": true,
      "engines": {
        "node": ">=0.10.0"
      }
    },
    "node_modules/source-map-support": {
      "version": "0.5.19",
      "resolved": "https://registry.yarnpkg.com/source-map-support/-/source-map-support-0.5.19.tgz",
      "integrity": "sha512-Wonm7zOCIJzBGQdB+thsPar0kYuCIzYvxZwlBa87yi/Mdjv7Tip2cyVbLj5o0cFPN4EVkuTwb3GDDyUx2DGnGw==",
      "dev": true,
      "dependencies": {
        "buffer-from": "^1.0.0",
        "source-map": "^0.6.0"
      }
    },
    "node_modules/ts-node": {
      "version": "9.1.1",
      "resolved": "https://registry.yarnpkg.com/ts-node/-/ts-node-9.1.1.tgz",
      "integrity": "sha512-hPlt7ZACERQGf03M253ytLY3dHbGNGrAq9qIHWUY9XHYl1z7wYngSr3OQ5xmui8o2AaxsONxIzjafLUiWBo1Fg==",
      "dev": true,
      "dependencies": {
        "arg": "^4.1.0",
        "create-require": "^1.1.0",
        "diff": "^4.0.1",
        "make-error": "^1.1.1",
        "source-map-support": "^0.5.17",
        "yn": "3.1.1"
      },
      "bin": {
        "ts-node": "dist/bin.js",
        "ts-node-script": "dist/bin-script.js",
        "ts-node-transpile-only": "dist/bin-transpile.js",
        "ts-script": "dist/bin-script-deprecated.js"
      },
      "engines": {
        "node": ">=10.0.0"
      },
      "peerDependencies": {
        "typescript": ">=2.7"
      }
    },
    "node_modules/typescript": {
      "version": "4.2.4",
      "resolved": "https://registry.yarnpkg.com/typescript/-/typescript-4.2.4.tgz",
      "integrity": "sha512-V+evlYHZnQkaz8TRBuxTA92yZBPotr5H+WhQ7bD3hZUndx5tGOa1fuCgeSjxAzM1RiN5IzvadIXTVefuuwZCRg==",
      "dev": true,
      "bin": {
        "tsc": "bin/tsc",
        "tsserver": "bin/tsserver"
      },
      "engines": {
        "node": ">=4.2.0"
      }
    },
    "node_modules/wrappy": {
      "version": "1.0.2",
      "resolved": "https://registry.npmjs.org/wrappy/-/wrappy-1.0.2.tgz",
      "integrity": "sha512-l4Sp/DRseor9wL6EvV2+TuQn63dMkPjZ/sp9XkghTEbV9KlPS1xUsZ3u7/IQO4wxtcFB4bgpQPRcR3QCvezPcQ==",
      "dev": true
    },
    "node_modules/yn": {
      "version": "3.1.1",
      "resolved": "https://registry.yarnpkg.com/yn/-/yn-3.1.1.tgz",
      "integrity": "sha512-Ux4ygGWsu2c7isFWe8Yu1YluJmqVhxqK2cLXNQA5AcC3QfbGNpM7fu0Y8b/z16pXLnFxZYvWhd3fhBY9DLmC6Q==",
      "dev": true,
      "engines": {
        "node": ">=6"
      }
    }
  },
  "dependencies": {
    "@sindresorhus/is": {
      "version": "4.6.0",
      "resolved": "https://registry.npmjs.org/@sindresorhus/is/-/is-4.6.0.tgz",
      "integrity": "sha512-t09vSN3MdfsyCHoFcTRCH/iUtG7OJ0CsjzB8cjAmKc/va/kIgeDI/TxsigdncE/4be734m0cvIYwNaV4i2XqAw==",
      "dev": true
    },
    "@szmarczak/http-timer": {
      "version": "4.0.6",
      "resolved": "https://registry.npmjs.org/@szmarczak/http-timer/-/http-timer-4.0.6.tgz",
      "integrity": "sha512-4BAffykYOgO+5nzBWYwE3W90sBgLJoUPRWWcL8wlyiM8IB8ipJz3UMJ9KXQd1RKQXpKp8Tutn80HZtWsu2u76w==",
      "dev": true,
      "requires": {
        "defer-to-connect": "^2.0.0"
      }
    },
    "@types/cacheable-request": {
      "version": "6.0.2",
      "resolved": "https://registry.npmjs.org/@types/cacheable-request/-/cacheable-request-6.0.2.tgz",
      "integrity": "sha512-B3xVo+dlKM6nnKTcmm5ZtY/OL8bOAOd2Olee9M1zft65ox50OzjEHW91sDiU9j6cvW8Ejg1/Qkf4xd2kugApUA==",
      "dev": true,
      "requires": {
        "@types/http-cache-semantics": "*",
        "@types/keyv": "*",
        "@types/node": "*",
        "@types/responselike": "*"
      }
    },
    "@types/http-cache-semantics": {
      "version": "4.0.1",
      "resolved": "https://registry.npmjs.org/@types/http-cache-semantics/-/http-cache-semantics-4.0.1.tgz",
      "integrity": "sha512-SZs7ekbP8CN0txVG2xVRH6EgKmEm31BOxA07vkFaETzZz1xh+cbt8BcI0slpymvwhx5dlFnQG2rTlPVQn+iRPQ==",
      "dev": true
    },
    "@types/keyv": {
      "version": "3.1.4",
      "resolved": "https://registry.npmjs.org/@types/keyv/-/keyv-3.1.4.tgz",
      "integrity": "sha512-BQ5aZNSCpj7D6K2ksrRCTmKRLEpnPvWDiLPfoGyhZ++8YtiK9d/3DBKPJgry359X/P1PfruyYwvnvwFjuEiEIg==",
      "dev": true,
      "requires": {
        "@types/node": "*"
      }
    },
    "@types/node": {
      "version": "14.14.37",
      "resolved": "https://registry.yarnpkg.com/@types/node/-/node-14.14.37.tgz",
      "integrity": "sha512-XYmBiy+ohOR4Lh5jE379fV2IU+6Jn4g5qASinhitfyO71b/sCo6MKsMLF5tc7Zf2CE8hViVQyYSobJNke8OvUw==",
      "dev": true
    },
    "@types/pixelmatch": {
      "version": "5.2.3",
      "resolved": "https://registry.yarnpkg.com/@types/pixelmatch/-/pixelmatch-5.2.3.tgz",
      "integrity": "sha512-p+nAQVYK/DUx7+s1Xyu9dqAg0gobf7VmJ+iDA4lljg1o4XRgQHr7R2h1NwFt3gdNOZiftxWB11+0TuZqXYf19w==",
      "dev": true,
      "requires": {
        "@types/node": "*"
      }
    },
    "@types/pngjs": {
      "version": "6.0.0",
      "resolved": "https://registry.yarnpkg.com/@types/pngjs/-/pngjs-6.0.0.tgz",
      "integrity": "sha512-PyZJHtd/mGA9a+cb3RQvd2pj56OIoo522sEhGZvq9THfBv5skyPRo50o3Hvy+n6U0u8RWteMHhlvLfN4FOZTaA==",
      "dev": true,
      "requires": {
        "@types/node": "*"
      }
    },
    "@types/responselike": {
      "version": "1.0.0",
      "resolved": "https://registry.npmjs.org/@types/responselike/-/responselike-1.0.0.tgz",
      "integrity": "sha512-85Y2BjiufFzaMIlvJDvTTB8Fxl2xfLo4HgmHzVBz08w4wDePCTjYw66PdrolO0kzli3yam/YCgRufyo1DdQVTA==",
      "dev": true,
      "requires": {
        "@types/node": "*"
      }
    },
    "arg": {
      "version": "4.1.3",
      "resolved": "https://registry.yarnpkg.com/arg/-/arg-4.1.3.tgz",
      "integrity": "sha512-58S9QDqG0Xx27YwPSt9fJxivjYl432YCwfDMfZ+71RAqUrZef7LrKQZ3LHLOwCS4FLNBplP533Zx895SeOCHvA==",
      "dev": true
    },
    "buffer-from": {
      "version": "1.1.1",
      "resolved": "https://registry.yarnpkg.com/buffer-from/-/buffer-from-1.1.1.tgz",
      "integrity": "sha512-MQcXEUbCKtEo7bhqEs6560Hyd4XaovZlO/k9V3hjVUF/zwW7KBVdSK4gIt/bzwS9MbR5qob+F5jusZsb0YQK2A==",
      "dev": true
    },
    "cacheable-lookup": {
      "version": "6.1.0",
      "resolved": "https://registry.npmjs.org/cacheable-lookup/-/cacheable-lookup-6.1.0.tgz",
      "integrity": "sha512-KJ/Dmo1lDDhmW2XDPMo+9oiy/CeqosPguPCrgcVzKyZrL6pM1gU2GmPY/xo6OQPTUaA/c0kwHuywB4E6nmT9ww==",
      "dev": true
    },
    "cacheable-request": {
      "version": "7.0.2",
      "resolved": "https://registry.npmjs.org/cacheable-request/-/cacheable-request-7.0.2.tgz",
      "integrity": "sha512-pouW8/FmiPQbuGpkXQ9BAPv/Mo5xDGANgSNXzTzJ8DrKGuXOssM4wIQRjfanNRh3Yu5cfYPvcorqbhg2KIJtew==",
      "dev": true,
      "requires": {
        "clone-response": "^1.0.2",
        "get-stream": "^5.1.0",
        "http-cache-semantics": "^4.0.0",
        "keyv": "^4.0.0",
        "lowercase-keys": "^2.0.0",
        "normalize-url": "^6.0.1",
        "responselike": "^2.0.0"
      },
      "dependencies": {
        "get-stream": {
          "version": "5.2.0",
          "resolved": "https://registry.npmjs.org/get-stream/-/get-stream-5.2.0.tgz",
          "integrity": "sha512-nBF+F1rAZVCu/p7rjzgA+Yb4lfYXrpl7a6VmJrU8wF9I1CKvP/QwPNZHnOlwbTkY6dvtFIzFMSyQXbLoTQPRpA==",
          "dev": true,
          "requires": {
            "pump": "^3.0.0"
          }
        }
      }
    },
    "clone-response": {
      "version": "1.0.3",
      "resolved": "https://registry.npmjs.org/clone-response/-/clone-response-1.0.3.tgz",
      "integrity": "sha512-ROoL94jJH2dUVML2Y/5PEDNaSHgeOdSDicUyS7izcF63G6sTc/FTjLub4b8Il9S8S0beOfYt0TaA5qvFK+w0wA==",
      "dev": true,
      "requires": {
        "mimic-response": "^1.0.0"
      }
    },
    "create-require": {
      "version": "1.1.1",
      "resolved": "https://registry.yarnpkg.com/create-require/-/create-require-1.1.1.tgz",
      "integrity": "sha512-dcKFX3jn0MpIaXjisoRvexIJVEKzaq7z2rZKxf+MSr9TkdmHmsU4m2lcLojrj/FHl8mk5VxMmYA+ftRkP/3oKQ==",
      "dev": true
    },
    "decompress-response": {
      "version": "6.0.0",
      "resolved": "https://registry.npmjs.org/decompress-response/-/decompress-response-6.0.0.tgz",
      "integrity": "sha512-aW35yZM6Bb/4oJlZncMH2LCoZtJXTRxES17vE3hoRiowU2kWHaJKFkSBDnDR+cm9J+9QhXmREyIfv0pji9ejCQ==",
      "dev": true,
      "requires": {
        "mimic-response": "^3.1.0"
      },
      "dependencies": {
        "mimic-response": {
          "version": "3.1.0",
          "resolved": "https://registry.npmjs.org/mimic-response/-/mimic-response-3.1.0.tgz",
          "integrity": "sha512-z0yWI+4FDrrweS8Zmt4Ej5HdJmky15+L2e6Wgn3+iK5fWzb6T3fhNFq2+MeTRb064c6Wr4N/wv0DzQTjNzHNGQ==",
          "dev": true
        }
      }
    },
    "deep-object-diff": {
      "version": "1.1.7",
      "resolved": "https://registry.npmjs.org/deep-object-diff/-/deep-object-diff-1.1.7.tgz",
      "integrity": "sha512-QkgBca0mL08P6HiOjoqvmm6xOAl2W6CT2+34Ljhg0OeFan8cwlcdq8jrLKsBBuUFAZLsN5b6y491KdKEoSo9lg==",
      "dev": true
    },
    "defer-to-connect": {
      "version": "2.0.1",
      "resolved": "https://registry.npmjs.org/defer-to-connect/-/defer-to-connect-2.0.1.tgz",
      "integrity": "sha512-4tvttepXG1VaYGrRibk5EwJd1t4udunSOVMdLSAL6mId1ix438oPwPZMALY41FCijukO1L0twNcGsdzS7dHgDg==",
      "dev": true
    },
    "diff": {
      "version": "4.0.2",
      "resolved": "https://registry.yarnpkg.com/diff/-/diff-4.0.2.tgz",
      "integrity": "sha512-58lmxKSA4BNyLz+HHMUzlOEpg09FV+ev6ZMe3vJihgdxzgcwZ8VoEEPmALCZG9LmqfVoNMMKpttIYTVG6uDY7A==",
      "dev": true
    },
    "end-of-stream": {
      "version": "1.4.4",
      "resolved": "https://registry.npmjs.org/end-of-stream/-/end-of-stream-1.4.4.tgz",
      "integrity": "sha512-+uw1inIHVPQoaVuHzRyXd21icM+cnt4CzD5rW+NC1wjOUSTOs+Te7FOv7AhN7vS9x/oIyhLP5PR1H+phQAHu5Q==",
      "dev": true,
      "requires": {
        "once": "^1.4.0"
      }
    },
    "form-data-encoder": {
      "version": "1.7.2",
      "resolved": "https://registry.npmjs.org/form-data-encoder/-/form-data-encoder-1.7.2.tgz",
      "integrity": "sha512-qfqtYan3rxrnCk1VYaA4H+Ms9xdpPqvLZa6xmMgFvhO32x7/3J/ExcTd6qpxM0vH2GdMI+poehyBZvqfMTto8A==",
      "dev": true
    },
    "get-stream": {
      "version": "6.0.1",
      "resolved": "https://registry.npmjs.org/get-stream/-/get-stream-6.0.1.tgz",
      "integrity": "sha512-ts6Wi+2j3jQjqi70w5AlN8DFnkSwC+MqmxEzdEALB2qXZYV3X/b1CTfgPLGJNMeAWxdPfU8FO1ms3NUfaHCPYg==",
      "dev": true
    },
    "got": {
      "version": "npm:got-cjs@12.3.1",
      "resolved": "https://registry.npmjs.org/got-cjs/-/got-cjs-12.3.1.tgz",
      "integrity": "sha512-FeIc0hmE/bkAeIsXrprCqikH1a1Z4UqIkuFSV8jTmStFtEqoFI8rwhdpqPvLoCJcoYTJJlADpW1NVtuWjR8Q8Q==",
      "dev": true,
      "requires": {
        "@sindresorhus/is": "4.6.0",
        "@szmarczak/http-timer": "4.0.6",
        "@types/cacheable-request": "^6.0.2",
        "@types/responselike": "^1.0.0",
        "cacheable-lookup": "^6.0.4",
        "cacheable-request": "^7.0.2",
        "decompress-response": "^6.0.0",
        "form-data-encoder": "1.7.2",
        "get-stream": "^6.0.1",
        "http2-wrapper": "^2.1.10",
        "lowercase-keys": "2.0.0",
        "p-cancelable": "2.1.1",
        "responselike": "^2.0.0"
      }
    },
    "http-cache-semantics": {
      "version": "4.1.0",
      "resolved": "https://registry.npmjs.org/http-cache-semantics/-/http-cache-semantics-4.1.0.tgz",
      "integrity": "sha512-carPklcUh7ROWRK7Cv27RPtdhYhUsela/ue5/jKzjegVvXDqM2ILE9Q2BGn9JZJh1g87cp56su/FgQSzcWS8cQ==",
      "dev": true
    },
    "http2-wrapper": {
      "version": "2.1.11",
      "resolved": "https://registry.npmjs.org/http2-wrapper/-/http2-wrapper-2.1.11.tgz",
      "integrity": "sha512-aNAk5JzLturWEUiuhAN73Jcbq96R7rTitAoXV54FYMatvihnpD2+6PUgU4ce3D/m5VDbw+F5CsyKSF176ptitQ==",
      "dev": true,
      "requires": {
        "quick-lru": "^5.1.1",
        "resolve-alpn": "^1.2.0"
      }
    },
    "json-buffer": {
      "version": "3.0.1",
      "resolved": "https://registry.npmjs.org/json-buffer/-/json-buffer-3.0.1.tgz",
      "integrity": "sha512-4bV5BfR2mqfQTJm+V5tPPdf+ZpuhiIvTuAB5g8kcrXOZpTT/QwwVRWBywX1ozr6lEuPdbHxwaJlm9G6mI2sfSQ==",
      "dev": true
    },
    "keyv": {
      "version": "4.5.0",
      "resolved": "https://registry.npmjs.org/keyv/-/keyv-4.5.0.tgz",
      "integrity": "sha512-2YvuMsA+jnFGtBareKqgANOEKe1mk3HKiXu2fRmAfyxG0MJAywNhi5ttWA3PMjl4NmpyjZNbFifR2vNjW1znfA==",
      "dev": true,
      "requires": {
        "json-buffer": "3.0.1"
      }
    },
    "lowercase-keys": {
      "version": "2.0.0",
      "resolved": "https://registry.npmjs.org/lowercase-keys/-/lowercase-keys-2.0.0.tgz",
      "integrity": "sha512-tqNXrS78oMOE73NMxK4EMLQsQowWf8jKooH9g7xPavRT706R6bkQJ6DY2Te7QukaZsulxa30wQ7bk0pm4XiHmA==",
      "dev": true
    },
    "make-error": {
      "version": "1.3.6",
      "resolved": "https://registry.yarnpkg.com/make-error/-/make-error-1.3.6.tgz",
      "integrity": "sha512-s8UhlNe7vPKomQhC1qFelMokr/Sc3AgNbso3n74mVPA5LTZwkB9NlXf4XPamLxJE8h0gh73rM94xvwRT2CVInw==",
      "dev": true
    },
    "mimic-response": {
      "version": "1.0.1",
      "resolved": "https://registry.npmjs.org/mimic-response/-/mimic-response-1.0.1.tgz",
      "integrity": "sha512-j5EctnkH7amfV/q5Hgmoal1g2QHFJRraOtmx0JpIqkxhBhI/lJSl1nMpQ45hVarwNETOoWEimndZ4QK0RHxuxQ==",
      "dev": true
    },
    "normalize-url": {
      "version": "6.1.0",
      "resolved": "https://registry.npmjs.org/normalize-url/-/normalize-url-6.1.0.tgz",
      "integrity": "sha512-DlL+XwOy3NxAQ8xuC0okPgK46iuVNAK01YN7RueYBqqFeGsBjV9XmCAzAdgt+667bCl5kPh9EqKKDwnaPG1I7A==",
      "dev": true
    },
    "once": {
      "version": "1.4.0",
      "resolved": "https://registry.npmjs.org/once/-/once-1.4.0.tgz",
      "integrity": "sha512-lNaJgI+2Q5URQBkccEKHTQOPaXdUxnZZElQTZY0MFUAuaEqe1E+Nyvgdz/aIyNi6Z9MzO5dv1H8n58/GELp3+w==",
      "dev": true,
      "requires": {
        "wrappy": "1"
      }
    },
    "p-cancelable": {
      "version": "2.1.1",
      "resolved": "https://registry.npmjs.org/p-cancelable/-/p-cancelable-2.1.1.tgz",
      "integrity": "sha512-BZOr3nRQHOntUjTrH8+Lh54smKHoHyur8We1V8DSMVrl5A2malOOwuJRnKRDjSnkoeBh4at6BwEnb5I7Jl31wg==",
      "dev": true
    },
    "pixelmatch": {
      "version": "5.2.1",
      "resolved": "https://registry.yarnpkg.com/pixelmatch/-/pixelmatch-5.2.1.tgz",
      "integrity": "sha512-WjcAdYSnKrrdDdqTcVEY7aB7UhhwjYQKYhHiBXdJef0MOaQeYpUdQ+iVyBLa5YBKS8MPVPPMX7rpOByISLpeEQ==",
      "dev": true,
      "requires": {
        "pngjs": "^4.0.1"
      },
      "dependencies": {
        "pngjs": {
          "version": "4.0.1",
          "resolved": "https://registry.yarnpkg.com/pngjs/-/pngjs-4.0.1.tgz",
          "integrity": "sha512-rf5+2/ioHeQxR6IxuYNYGFytUyG3lma/WW1nsmjeHlWwtb2aByla6dkVc8pmJ9nplzkTA0q2xx7mMWrOTqT4Gg==",
          "dev": true
        }
      }
    },
    "playwright": {
      "version": "1.26.0",
      "resolved": "https://registry.npmjs.org/playwright/-/playwright-1.26.0.tgz",
      "integrity": "sha512-XxTVlvFEYHdatxUkh1KiPq9BclNtFKMi3BgQnl/aactmhN4G9AkZUXwt0ck6NDAOrDFlfibhbM7A1kZwQJKSBw==",
      "requires": {
        "playwright-core": "1.26.0"
      },
      "dependencies": {
        "playwright-core": {
          "version": "1.26.0",
          "resolved": "https://registry.npmjs.org/playwright-core/-/playwright-core-1.26.0.tgz",
          "integrity": "sha512-p8huU8eU4gD3VkJd3DA1nA7R3XA6rFvFL+1RYS96cSljCF2yJE9CWEHTPF4LqX8KN9MoWCrAfVKP5381X3CZqg=="
        }
      }
    },
    "pngjs": {
      "version": "6.0.0",
      "resolved": "https://registry.yarnpkg.com/pngjs/-/pngjs-6.0.0.tgz",
      "integrity": "sha512-TRzzuFRRmEoSW/p1KVAmiOgPco2Irlah+bGFCeNfJXxxYGwSw7YwAOAcd7X28K/m5bjBWKsC29KyoMfHbypayg==",
      "dev": true
    },
    "prettier": {
      "version": "2.7.1",
      "resolved": "https://registry.npmjs.org/prettier/-/prettier-2.7.1.tgz",
      "integrity": "sha512-ujppO+MkdPqoVINuDFDRLClm7D78qbDt0/NR+wp5FqEZOoTNAjPHWj17QRhu7geIHJfcNhRk1XVQmF8Bp3ye+g==",
      "dev": true
    },
    "pump": {
      "version": "3.0.0",
      "resolved": "https://registry.npmjs.org/pump/-/pump-3.0.0.tgz",
      "integrity": "sha512-LwZy+p3SFs1Pytd/jYct4wpv49HiYCqd9Rlc5ZVdk0V+8Yzv6jR5Blk3TRmPL1ft69TxP0IMZGJ+WPFU2BFhww==",
      "dev": true,
      "requires": {
        "end-of-stream": "^1.1.0",
        "once": "^1.3.1"
      }
    },
    "quick-lru": {
      "version": "5.1.1",
      "resolved": "https://registry.npmjs.org/quick-lru/-/quick-lru-5.1.1.tgz",
      "integrity": "sha512-WuyALRjWPDGtt/wzJiadO5AXY+8hZ80hVpe6MyivgraREW751X3SbhRvG3eLKOYN+8VEvqLcf3wdnt44Z4S4SA==",
      "dev": true
    },
    "resolve-alpn": {
      "version": "1.2.1",
      "resolved": "https://registry.npmjs.org/resolve-alpn/-/resolve-alpn-1.2.1.tgz",
      "integrity": "sha512-0a1F4l73/ZFZOakJnQ3FvkJ2+gSTQWz/r2KE5OdDY0TxPm5h4GkqkWWfM47T7HsbnOtcJVEF4epCVy6u7Q3K+g==",
      "dev": true
    },
    "responselike": {
      "version": "2.0.1",
      "resolved": "https://registry.npmjs.org/responselike/-/responselike-2.0.1.tgz",
      "integrity": "sha512-4gl03wn3hj1HP3yzgdI7d3lCkF95F21Pz4BPGvKHinyQzALR5CapwC8yIi0Rh58DEMQ/SguC03wFj2k0M/mHhw==",
      "dev": true,
      "requires": {
        "lowercase-keys": "^2.0.0"
      }
    },
    "source-map": {
      "version": "0.6.1",
      "resolved": "https://registry.yarnpkg.com/source-map/-/source-map-0.6.1.tgz",
      "integrity": "sha512-UjgapumWlbMhkBgzT7Ykc5YXUT46F0iKu8SGXq0bcwP5dz/h0Plj6enJqjz1Zbq2l5WaqYnrVbwWOWMyF3F47g==",
      "dev": true
    },
    "source-map-support": {
      "version": "0.5.19",
      "resolved": "https://registry.yarnpkg.com/source-map-support/-/source-map-support-0.5.19.tgz",
      "integrity": "sha512-Wonm7zOCIJzBGQdB+thsPar0kYuCIzYvxZwlBa87yi/Mdjv7Tip2cyVbLj5o0cFPN4EVkuTwb3GDDyUx2DGnGw==",
      "dev": true,
      "requires": {
        "buffer-from": "^1.0.0",
        "source-map": "^0.6.0"
      }
    },
    "ts-node": {
      "version": "9.1.1",
      "resolved": "https://registry.yarnpkg.com/ts-node/-/ts-node-9.1.1.tgz",
      "integrity": "sha512-hPlt7ZACERQGf03M253ytLY3dHbGNGrAq9qIHWUY9XHYl1z7wYngSr3OQ5xmui8o2AaxsONxIzjafLUiWBo1Fg==",
      "dev": true,
      "requires": {
        "arg": "^4.1.0",
        "create-require": "^1.1.0",
        "diff": "^4.0.1",
        "make-error": "^1.1.1",
        "source-map-support": "^0.5.17",
        "yn": "3.1.1"
      }
    },
    "typescript": {
      "version": "4.2.4",
      "resolved": "https://registry.yarnpkg.com/typescript/-/typescript-4.2.4.tgz",
      "integrity": "sha512-V+evlYHZnQkaz8TRBuxTA92yZBPotr5H+WhQ7bD3hZUndx5tGOa1fuCgeSjxAzM1RiN5IzvadIXTVefuuwZCRg==",
      "dev": true
    },
    "wrappy": {
      "version": "1.0.2",
      "resolved": "https://registry.npmjs.org/wrappy/-/wrappy-1.0.2.tgz",
      "integrity": "sha512-l4Sp/DRseor9wL6EvV2+TuQn63dMkPjZ/sp9XkghTEbV9KlPS1xUsZ3u7/IQO4wxtcFB4bgpQPRcR3QCvezPcQ==",
      "dev": true
    },
    "yn": {
      "version": "3.1.1",
      "resolved": "https://registry.yarnpkg.com/yn/-/yn-3.1.1.tgz",
      "integrity": "sha512-Ux4ygGWsu2c7isFWe8Yu1YluJmqVhxqK2cLXNQA5AcC3QfbGNpM7fu0Y8b/z16pXLnFxZYvWhd3fhBY9DLmC6Q==",
      "dev": true
    }
  }
}
